{
  "version": 2,
  "dependencies": {
    "net10.0": {
      "Microsoft.AspNetCore.OpenApi": {
        "type": "Direct",
        "requested": "[10.0.3, )",
        "resolved": "10.0.3",
        "contentHash": "SAvSrKDgnY5GDjDAngOXxPhUvEKlTU/0zIq8zidqHvh/xnZBPs0Vc4LqwyvnmnafNnyUaivtRABz4K4wodXfSg==",
        "dependencies": {
          "Microsoft.OpenApi": "2.0.0"
        }
      },
      "Scalar.AspNetCore": {
        "type": "Direct",
        "requested": "[2.12.41, )",
        "resolved": "2.12.41",
        "contentHash": "uO90maY4ayqLHq+LFPKgRxPBlI8GPYOLLv5VkPvenG75p7pQ8lUb3jpQWxe02GeKgivyxlxJ1tNsIlCpHg1S6w=="
      },
      "TMDbLib": {
        "type": "Direct",
        "requested": "[3.0.0, )",
        "resolved": "3.0.0",
        "contentHash": "NhKn7nEDol3DKihuUA87wdAN9IBJFb8pRHJMji9lv69peKCCR/QToYBJ6l87bLMib+meVaCnO+Fz4/2op3aB9g==",
        "dependencies": {
          "Newtonsoft.Json": "13.0.4",
          "SmartAnalyzers.MultithreadingAnalyzer": "1.1.31"
        }
      },
      "DnsClient": {
        "type": "Transitive",
        "resolved": "1.6.1",
        "contentHash": "4H/f2uYJOZ+YObZjpY9ABrKZI+JNw3uizp6oMzTXwDw6F+2qIPhpRl/1t68O/6e98+vqNiYGu+lswmwdYUy3gg=="
      },
      "Microsoft.OpenApi": {
        "type": "Transitive",
        "resolved": "2.0.0",
        "contentHash": "GGYLfzV/G/ct80OZ45JxnWP7NvMX1BCugn/lX7TH5o0lcVaviavsLMTxmFV2AybXWjbi3h6FF1vgZiTK6PXndw=="
      },
      "Newtonsoft.Json": {
        "type": "Transitive",
        "resolved": "13.0.4",
        "contentHash": "pdgNNMai3zv51W5aq268sujXUyx7SNdE2bj1wZcWjAQrKMFZV260lbqYop1d2GM67JI1huLRwxo9ZqnfF/lC6A=="
      },
      "Polly": {
        "type": "Transitive",
        "resolved": "8.6.5",
        "contentHash": "VqtW2ZE/ALvQMAH1cQY3qZ2cF2OXa3oe/HKMdOv6Q02HCoEW0rsFNfcBONXlHBe1TnjWW1vdRxBEkPeq0/2FHA==",
        "dependencies": {
          "Polly.Core": "8.6.5"
        }
      },
      "Polly.Core": {
        "type": "Transitive",
        "resolved": "8.6.5",
        "contentHash": "t+sUVrIwvo7UmsgHGgOG9F0GDZSRIm47u2ylH17Gvcv1q5hNEwgD5GoBlFyc0kh/pebmPyrAgvGsR/65ZBaXlg=="
      },
      "SharpCompress": {
        "type": "Transitive",
        "resolved": "0.30.1",
        "contentHash": "XqD4TpfyYGa7QTPzaGlMVbcecKnXy4YmYLDWrU+JIj7IuRNl7DH2END+Ll7ekWIY8o3dAMWLFDE1xdhfIWD1nw=="
      },
      "SmartAnalyzers.MultithreadingAnalyzer": {
        "type": "Transitive",
        "resolved": "1.1.31",
        "contentHash": "2f2k7bbhDd132ArglCKpzKoWBcp3uzbIFcb4aosnlqIKlfYKDE2HevBVRNVa+LkWFnjXFFWs47Bo96fu8iS//Q=="
      },
      "Snappier": {
        "type": "Transitive",
        "resolved": "1.0.0",
        "contentHash": "rFtK2KEI9hIe8gtx3a0YDXdHOpedIf9wYCEYtBEmtlyiWVX3XlCNV03JrmmAi/Cdfn7dxK+k0sjjcLv4fpHnqA=="
      },
      "VaultSharp": {
        "type": "Transitive",
        "resolved": "1.17.5.1",
        "contentHash": "1O/F+AQCkyK4K709pBDYEbDDfJ12OlaE5lnOs9dffq+KxqrnPxh8FIdQtEst9yBJmC7I0BptftzTJyRSwhZR/A=="
      },
      "ZstdSharp.Port": {
        "type": "Transitive",
        "resolved": "0.7.3",
        "contentHash": "U9Ix4l4cl58Kzz1rJzj5hoVTjmbx1qGMwzAcbv1j/d3NzrFaESIurQyg+ow4mivCgkE3S413y+U9k4WdnEIkRA=="
      },
      "cinemalist.common": {
        "type": "Project",
        "dependencies": {
          "Mazilious.Common": "[0.4.0, )",
          "MongoDB.Bson": "[3.6.0, )",
          "MongoDB.Driver": "[3.6.0, )"
        }
      },
      "cinemalist.scraper": {
        "type": "Project",
        "dependencies": {
          "CinemaList.Common": "[1.0.0, )",
          "HtmlAgilityPack": "[1.12.4, )"
        }
      },
      "HtmlAgilityPack": {
        "type": "CentralTransitive",
        "requested": "[1.12.4, )",
        "resolved": "1.12.4",
        "contentHash": "ljqvBabvFwKoLniuoQKO8b5bJfJweKLs4fUNS/V5dsvpo0A8MlJqxxn9XVmP2DaskbUXty6IYaWAi1SArGIMeQ=="
      },
      "Mazilious.Common": {
        "type": "CentralTransitive",
        "requested": "[0.4.0, )",
        "resolved": "0.4.0",
        "contentHash": "/0nihkqvcaZVApdEr1zD35O80mgZ7ZLvF09b6gdbkY0a/YYv+J9h8NX1AP/Mbe/b+PUdXae9J1PtGYx7LyLGzA==",
        "dependencies": {
          "MongoDB.Driver": "3.5.2",
          "Polly": "8.6.5",
          "VaultSharp": "1.17.5.1"
        }
      },
      "MongoDB.Bson": {
        "type": "CentralTransitive",
        "requested": "[3.6.0, )",
        "resolved": "3.6.0",
        "contentHash": "lP+nZHej9cGFVsZSZQhSdBpD60q7a/ZiLBJcfd+CRWs36BHYteaMx6m1qaHCBWT1wft640r9I4SexqpMc3VscA=="
      },
      "MongoDB.Driver": {
        "type": "CentralTransitive",
        "requested": "[3.6.0, )",
        "resolved": "3.6.0",
        "contentHash": "MzEVPUo9FJ3A2fvXdKr0vGllbiAGvpyLa8bU6bucKSKndraSjfgGDn/J+ek/SrUK4A3yozYZBkwJZm8qe36VmQ==",
        "dependencies": {
          "DnsClient": "1.6.1",
          "MongoDB.Bson": "3.6.0",
          "SharpCompress": "0.30.1",
          "Snappier": "1.0.0",
          "ZstdSharp.Port": "0.7.3"
        }
      }
    }
  }
}