{
  "version": 2,
  "dependencies": {
    "net10.0": {
      "Microsoft.AspNetCore.OpenApi": {
        "type": "Direct",
        "requested": "[10.0.0, )",
        "resolved": "10.0.0",
        "contentHash": "0aqIF1t+sA2T62LIeMtXGSiaV7keGQaJnvwwmu+htQdjCaKYARfXAeqp4nHH9y2etpilyZ/tnQzZg4Ilmo/c4Q==",
        "dependencies": {
          "Microsoft.OpenApi": "2.0.0"
        }
      },
      "Scalar.AspNetCore": {
        "type": "Direct",
        "requested": "[2.11.0, )",
        "resolved": "2.11.0",
        "contentHash": "zOV12+2VE6Tsb3U3YRtJtVABmzbAEPEkiYLAckHBgUuj6suarSp3kA4HE3UU9kNQmJrU6xrD5GTOAtwVENMgJQ=="
      },
      "TMDbLib": {
        "type": "Direct",
        "requested": "[2.3.0, )",
        "resolved": "2.3.0",
        "contentHash": "kapjC4/ao8mxJ/G5xcZHYNVFvmAzxwWEN2PDkGbbUzAQVfbf85DsA9AUDTrXahTHYq0R7jwGyARs/y6243EPLg==",
        "dependencies": {
          "Newtonsoft.Json": "13.0.3"
        }
      },
      "DnsClient": {
        "type": "Transitive",
        "resolved": "1.6.1",
        "contentHash": "4H/f2uYJOZ+YObZjpY9ABrKZI+JNw3uizp6oMzTXwDw6F+2qIPhpRl/1t68O/6e98+vqNiYGu+lswmwdYUy3gg=="
      },
      "Microsoft.OpenApi": {
        "type": "Transitive",
        "resolved": "2.0.0",
        "contentHash": "GGYLfzV/G/ct80OZ45JxnWP7NvMX1BCugn/lX7TH5o0lcVaviavsLMTxmFV2AybXWjbi3h6FF1vgZiTK6PXndw=="
      },
      "Newtonsoft.Json": {
        "type": "Transitive",
        "resolved": "13.0.3",
        "contentHash": "HrC5BXdl00IP9zeV+0Z848QWPAoCr9P3bDEZguI+gkLcBKAOxix/tLEAAHC+UvDNPv4a2d18lOReHMOagPa+zQ=="
      },
      "Polly": {
        "type": "Transitive",
        "resolved": "8.6.5",
        "contentHash": "VqtW2ZE/ALvQMAH1cQY3qZ2cF2OXa3oe/HKMdOv6Q02HCoEW0rsFNfcBONXlHBe1TnjWW1vdRxBEkPeq0/2FHA==",
        "dependencies": {
          "Polly.Core": "8.6.5"
        }
      },
      "Polly.Core": {
        "type": "Transitive",
        "resolved": "8.6.5",
        "contentHash": "t+sUVrIwvo7UmsgHGgOG9F0GDZSRIm47u2ylH17Gvcv1q5hNEwgD5GoBlFyc0kh/pebmPyrAgvGsR/65ZBaXlg=="
      },
      "SharpCompress": {
        "type": "Transitive",
        "resolved": "0.30.1",
        "contentHash": "XqD4TpfyYGa7QTPzaGlMVbcecKnXy4YmYLDWrU+JIj7IuRNl7DH2END+Ll7ekWIY8o3dAMWLFDE1xdhfIWD1nw=="
      },
      "Snappier": {
        "type": "Transitive",
        "resolved": "1.0.0",
        "contentHash": "rFtK2KEI9hIe8gtx3a0YDXdHOpedIf9wYCEYtBEmtlyiWVX3XlCNV03JrmmAi/Cdfn7dxK+k0sjjcLv4fpHnqA=="
      },
      "VaultSharp": {
        "type": "Transitive",
        "resolved": "1.17.5.1",
        "contentHash": "1O/F+AQCkyK4K709pBDYEbDDfJ12OlaE5lnOs9dffq+KxqrnPxh8FIdQtEst9yBJmC7I0BptftzTJyRSwhZR/A=="
      },
      "ZstdSharp.Port": {
        "type": "Transitive",
        "resolved": "0.7.3",
        "contentHash": "U9Ix4l4cl58Kzz1rJzj5hoVTjmbx1qGMwzAcbv1j/d3NzrFaESIurQyg+ow4mivCgkE3S413y+U9k4WdnEIkRA=="
      },
      "cinemalist.common": {
        "type": "Project",
        "dependencies": {
          "Mazilious.Common": "[0.4.0, )",
          "MongoDB.Bson": "[3.5.2, )",
          "MongoDB.Driver": "[3.5.2, )"
        }
      },
      "cinemalist.scraper": {
        "type": "Project",
        "dependencies": {
          "CinemaList.Common": "[1.0.0, )",
          "HtmlAgilityPack": "[1.12.4, )"
        }
      },
      "HtmlAgilityPack": {
        "type": "CentralTransitive",
        "requested": "[1.12.4, )",
        "resolved": "1.12.4",
        "contentHash": "ljqvBabvFwKoLniuoQKO8b5bJfJweKLs4fUNS/V5dsvpo0A8MlJqxxn9XVmP2DaskbUXty6IYaWAi1SArGIMeQ=="
      },
      "Mazilious.Common": {
        "type": "CentralTransitive",
        "requested": "[0.4.0, )",
        "resolved": "0.4.0",
        "contentHash": "/0nihkqvcaZVApdEr1zD35O80mgZ7ZLvF09b6gdbkY0a/YYv+J9h8NX1AP/Mbe/b+PUdXae9J1PtGYx7LyLGzA==",
        "dependencies": {
          "MongoDB.Driver": "3.5.2",
          "Polly": "8.6.5",
          "VaultSharp": "1.17.5.1"
        }
      },
      "MongoDB.Bson": {
        "type": "CentralTransitive",
        "requested": "[3.5.2, )",
        "resolved": "3.5.2",
        "contentHash": "aTlbKclBjXi4j3AkrHiaeuKCvdoGA029VbvXJUmmsCXDz+DEfBFq6n9uOvXJu2YXcJiW9Vay1ZctY5Iu0JRXdw=="
      },
      "MongoDB.Driver": {
        "type": "CentralTransitive",
        "requested": "[3.5.2, )",
        "resolved": "3.5.2",
        "contentHash": "Z1EW+CI18wOQqyAnhZkQXvUVXycrHoOb8/dlJzPHKFfNp9XPB6sEJJR67GUVYyB03B5xzt1RlwSyLXAx9B5+yQ==",
        "dependencies": {
          "DnsClient": "1.6.1",
          "MongoDB.Bson": "3.5.2",
          "SharpCompress": "0.30.1",
          "Snappier": "1.0.0",
          "ZstdSharp.Port": "0.7.3"
        }
      }
    }
  }
}